// !$*UTF8*$!
{
	archiveVersion = 1;
	classes = {
	};
	objectVersion = 46;
	objects = {

/* Begin PBXBuildFile section */
		CCD9F22A1BF1BDF200B806E9 /* main.m in Sources */ = {isa = PBXBuildFile; fileRef = CCD9F2291BF1BDF200B806E9 /* main.m */; };
		CCD9F22D1BF1BDF200B806E9 /* AppDelegate.m in Sources */ = {isa = PBXBuildFile; fileRef = CCD9F22C1BF1BDF200B806E9 /* AppDelegate.m */; };
		CCD9F2301BF1BDF200B806E9 /* ViewController.m in Sources */ = {isa = PBXBuildFile; fileRef = CCD9F22F1BF1BDF200B806E9 /* ViewController.m */; };
		CCD9F2331BF1BDF200B806E9 /* Main.storyboard in Resources */ = {isa = PBXBuildFile; fileRef = CCD9F2311BF1BDF200B806E9 /* Main.storyboard */; };
		CCD9F2351BF1BDF300B806E9 /* Images.xcassets in Resources */ = {isa = PBXBuildFile; fileRef = CCD9F2341BF1BDF300B806E9 /* Images.xcassets */; };
		CCD9F2381BF1BDF300B806E9 /* LaunchScreen.xib in Resources */ = {isa = PBXBuildFile; fileRef = CCD9F2361BF1BDF300B806E9 /* LaunchScreen.xib */; };
		CCD9F2441BF1BDF300B806E9 /* MachismoTests.m in Sources */ = {isa = PBXBuildFile; fileRef = CCD9F2431BF1BDF300B806E9 /* MachismoTests.m */; };
		CCE3D4751BF2E32C00D4AD05 /* cardFront.png in Resources */ = {isa = PBXBuildFile; fileRef = CCE3D4731BF2E32C00D4AD05 /* cardFront.png */; };
		CCE3D4761BF2E32C00D4AD05 /* cardBack.png in Resources */ = {isa = PBXBuildFile; fileRef = CCE3D4741BF2E32C00D4AD05 /* cardBack.png */; };
		CCE3D47F1BF2E82100D4AD05 /* Deck.m in Sources */ = {isa = PBXBuildFile; fileRef = CCE3D47E1BF2E82100D4AD05 /* Deck.m */; };
		CCE3D4821BF2EC6B00D4AD05 /* PlayingCard.m in Sources */ = {isa = PBXBuildFile; fileRef = CCE3D4811BF2EC6B00D4AD05 /* PlayingCard.m */; };
		CCE3D4851BF2F24F00D4AD05 /* PlayingCardDeck.m in Sources */ = {isa = PBXBuildFile; fileRef = CCE3D4841BF2F24F00D4AD05 /* PlayingCardDeck.m */; };
		CCE3D4881BF2F8A000D4AD05 /* Card.m in Sources */ = {isa = PBXBuildFile; fileRef = CCE3D4871BF2F8A000D4AD05 /* Card.m */; };
		CCE3D48B1BF31EEF00D4AD05 /* CardMatchingGame.m in Sources */ = {isa = PBXBuildFile; fileRef = CCE3D48A1BF31EEF00D4AD05 /* CardMatchingGame.m */; };
/* End PBXBuildFile section */

/* Begin PBXContainerItemProxy section */
		CCD9F23E1BF1BDF300B806E9 /* PBXContainerItemProxy */ = {
			isa = PBXContainerItemProxy;
			containerPortal = CCD9F21C1BF1BDF200B806E9 /* Project object */;
			proxyType = 1;
			remoteGlobalIDString = CCD9F2231BF1BDF200B806E9;
			remoteInfo = Machismo;
		};
/* End PBXContainerItemProxy section */

/* Begin PBXFileReference section */
		CCD9F2241BF1BDF200B806E9 /* Machismo.app */ = {isa = PBXFileReference; explicitFileType = wrapper.application; includeInIndex = 0; path = Machismo.app; sourceTree = BUILT_PRODUCTS_DIR; };
		CCD9F2281BF1BDF200B806E9 /* Info.plist */ = {isa = PBXFileReference; lastKnownFileType = text.plist.xml; path = Info.plist; sourceTree = "<group>"; };
		CCD9F2291BF1BDF200B806E9 /* main.m */ = {isa = PBXFileReference; lastKnownFileType = sourcecode.c.objc; path = main.m; sourceTree = "<group>"; };
		CCD9F22B1BF1BDF200B806E9 /* AppDelegate.h */ = {isa = PBXFileReference; lastKnownFileType = sourcecode.c.h; path = AppDelegate.h; sourceTree = "<group>"; };
		CCD9F22C1BF1BDF200B806E9 /* AppDelegate.m */ = {isa = PBXFileReference; lastKnownFileType = sourcecode.c.objc; path = AppDelegate.m; sourceTree = "<group>"; };
		CCD9F22E1BF1BDF200B806E9 /* ViewController.h */ = {isa = PBXFileReference; lastKnownFileType = sourcecode.c.h; path = ViewController.h; sourceTree = "<group>"; };
		CCD9F22F1BF1BDF200B806E9 /* ViewController.m */ = {isa = PBXFileReference; lastKnownFileType = sourcecode.c.objc; path = ViewController.m; sourceTree = "<group>"; };
		CCD9F2321BF1BDF200B806E9 /* Base */ = {isa = PBXFileReference; lastKnownFileType = file.storyboard; name = Base; path = Base.lproj/Main.storyboard; sourceTree = "<group>"; };
		CCD9F2341BF1BDF300B806E9 /* Images.xcassets */ = {isa = PBXFileReference; lastKnownFileType = folder.assetcatalog; path = Images.xcassets; sourceTree = "<group>"; };
		CCD9F2371BF1BDF300B806E9 /* Base */ = {isa = PBXFileReference; lastKnownFileType = file.xib; name = Base; path = Base.lproj/LaunchScreen.xib; sourceTree = "<group>"; };
		CCD9F23D1BF1BDF300B806E9 /* MachismoTests.xctest */ = {isa = PBXFileReference; explicitFileType = wrapper.cfbundle; includeInIndex = 0; path = MachismoTests.xctest; sourceTree = BUILT_PRODUCTS_DIR; };
		CCD9F2421BF1BDF300B806E9 /* Info.plist */ = {isa = PBXFileReference; lastKnownFileType = text.plist.xml; path = Info.plist; sourceTree = "<group>"; };
		CCD9F2431BF1BDF300B806E9 /* MachismoTests.m */ = {isa = PBXFileReference; lastKnownFileType = sourcecode.c.objc; path = MachismoTests.m; sourceTree = "<group>"; };
		CCE3D4731BF2E32C00D4AD05 /* cardFront.png */ = {isa = PBXFileReference; lastKnownFileType = image.png; path = cardFront.png; sourceTree = "<group>"; };
		CCE3D4741BF2E32C00D4AD05 /* cardBack.png */ = {isa = PBXFileReference; lastKnownFileType = image.png; path = cardBack.png; sourceTree = "<group>"; };
		CCE3D47D1BF2E82100D4AD05 /* Deck.h */ = {isa = PBXFileReference; fileEncoding = 4; lastKnownFileType = sourcecode.c.h; path = Deck.h; sourceTree = "<group>"; };
		CCE3D47E1BF2E82100D4AD05 /* Deck.m */ = {isa = PBXFileReference; fileEncoding = 4; lastKnownFileType = sourcecode.c.objc; path = Deck.m; sourceTree = "<group>"; };
		CCE3D4801BF2EC6B00D4AD05 /* PlayingCard.h */ = {isa = PBXFileReference; fileEncoding = 4; lastKnownFileType = sourcecode.c.h; path = PlayingCard.h; sourceTree = "<group>"; };
		CCE3D4811BF2EC6B00D4AD05 /* PlayingCard.m */ = {isa = PBXFileReference; fileEncoding = 4; lastKnownFileType = sourcecode.c.objc; path = PlayingCard.m; sourceTree = "<group>"; };
		CCE3D4831BF2F24F00D4AD05 /* PlayingCardDeck.h */ = {isa = PBXFileReference; fileEncoding = 4; lastKnownFileType = sourcecode.c.h; path = PlayingCardDeck.h; sourceTree = "<group>"; };
		CCE3D4841BF2F24F00D4AD05 /* PlayingCardDeck.m */ = {isa = PBXFileReference; fileEncoding = 4; lastKnownFileType = sourcecode.c.objc; path = PlayingCardDeck.m; sourceTree = "<group>"; };
		CCE3D4861BF2F8A000D4AD05 /* Card.h */ = {isa = PBXFileReference; fileEncoding = 4; lastKnownFileType = sourcecode.c.h; path = Card.h; sourceTree = "<group>"; };
		CCE3D4871BF2F8A000D4AD05 /* Card.m */ = {isa = PBXFileReference; fileEncoding = 4; lastKnownFileType = sourcecode.c.objc; path = Card.m; sourceTree = "<group>"; };
		CCE3D4891BF31EEF00D4AD05 /* CardMatchingGame.h */ = {isa = PBXFileReference; fileEncoding = 4; lastKnownFileType = sourcecode.c.h; path = CardMatchingGame.h; sourceTree = "<group>"; };
		CCE3D48A1BF31EEF00D4AD05 /* CardMatchingGame.m */ = {isa = PBXFileReference; fileEncoding = 4; lastKnownFileType = sourcecode.c.objc; path = CardMatchingGame.m; sourceTree = "<group>"; };
/* End PBXFileReference section */

/* Begin PBXFrameworksBuildPhase section */
		CCD9F2211BF1BDF200B806E9 /* Frameworks */ = {
			isa = PBXFrameworksBuildPhase;
			buildActionMask = 2147483647;
			files = (
			);
			runOnlyForDeploymentPostprocessing = 0;
		};
		CCD9F23A1BF1BDF300B806E9 /* Frameworks */ = {
			isa = PBXFrameworksBuildPhase;
			buildActionMask = 2147483647;
			files = (
			);
			runOnlyForDeploymentPostprocessing = 0;
		};
/* End PBXFrameworksBuildPhase section */

/* Begin PBXGroup section */
		CCD9F21B1BF1BDF200B806E9 = {
			isa = PBXGroup;
			children = (
				CCD9F2261BF1BDF200B806E9 /* Machismo */,
				CCD9F2401BF1BDF300B806E9 /* MachismoTests */,
				CCD9F2251BF1BDF200B806E9 /* Products */,
			);
			sourceTree = "<group>";
		};
		CCD9F2251BF1BDF200B806E9 /* Products */ = {
			isa = PBXGroup;
			children = (
				CCD9F2241BF1BDF200B806E9 /* Machismo.app */,
				CCD9F23D1BF1BDF300B806E9 /* MachismoTests.xctest */,
			);
			name = Products;
			sourceTree = "<group>";
		};
		CCD9F2261BF1BDF200B806E9 /* Machismo */ = {
			isa = PBXGroup;
			children = (
				CCD9F22E1BF1BDF200B806E9 /* ViewController.h */,
				CCD9F22F1BF1BDF200B806E9 /* ViewController.m */,
				CCD9F2311BF1BDF200B806E9 /* Main.storyboard */,
				CCD9F2341BF1BDF300B806E9 /* Images.xcassets */,
				CCD9F2361BF1BDF300B806E9 /* LaunchScreen.xib */,
				CCE3D48C1BF3227800D4AD05 /* Model */,
				CCD9F2271BF1BDF200B806E9 /* Supporting Files */,
			);
			path = Machismo;
			sourceTree = "<group>";
		};
		CCD9F2271BF1BDF200B806E9 /* Supporting Files */ = {
			isa = PBXGroup;
			children = (
				CCE3D4731BF2E32C00D4AD05 /* cardFront.png */,
				CCE3D4741BF2E32C00D4AD05 /* cardBack.png */,
				CCD9F22B1BF1BDF200B806E9 /* AppDelegate.h */,
				CCD9F22C1BF1BDF200B806E9 /* AppDelegate.m */,
				CCD9F2281BF1BDF200B806E9 /* Info.plist */,
				CCD9F2291BF1BDF200B806E9 /* main.m */,
			);
			name = "Supporting Files";
			sourceTree = "<group>";
		};
		CCD9F2401BF1BDF300B806E9 /* MachismoTests */ = {
			isa = PBXGroup;
			children = (
				CCD9F2431BF1BDF300B806E9 /* MachismoTests.m */,
				CCD9F2411BF1BDF300B806E9 /* Supporting Files */,
			);
			path = MachismoTests;
			sourceTree = "<group>";
		};
		CCD9F2411BF1BDF300B806E9 /* Supporting Files */ = {
			isa = PBXGroup;
			children = (
				CCD9F2421BF1BDF300B806E9 /* Info.plist */,
			);
			name = "Supporting Files";
			sourceTree = "<group>";
		};
		CCE3D48C1BF3227800D4AD05 /* Model */ = {
			isa = PBXGroup;
			children = (
				CCE3D4861BF2F8A000D4AD05 /* Card.h */,
				CCE3D4871BF2F8A000D4AD05 /* Card.m */,
				CCE3D47D1BF2E82100D4AD05 /* Deck.h */,
				CCE3D47E1BF2E82100D4AD05 /* Deck.m */,
				CCE3D4801BF2EC6B00D4AD05 /* PlayingCard.h */,
				CCE3D4811BF2EC6B00D4AD05 /* PlayingCard.m */,
				CCE3D4831BF2F24F00D4AD05 /* PlayingCardDeck.h */,
				CCE3D4841BF2F24F00D4AD05 /* PlayingCardDeck.m */,
				CCE3D4891BF31EEF00D4AD05 /* CardMatchingGame.h */,
				CCE3D48A1BF31EEF00D4AD05 /* CardMatchingGame.m */,
			);
			name = Model;
			sourceTree = "<group>";
		};
/* End PBXGroup section */

/* Begin PBXNativeTarget section */
		CCD9F2231BF1BDF200B806E9 /* Machismo */ = {
			isa = PBXNativeTarget;
			buildConfigurationList = CCD9F2471BF1BDF300B806E9 /* Build configuration list for PBXNativeTarget "Machismo" */;
			buildPhases = (
				CCD9F2201BF1BDF200B806E9 /* Sources */,
				CCD9F2211BF1BDF200B806E9 /* Frameworks */,
				CCD9F2221BF1BDF200B806E9 /* Resources */,
			);
			buildRules = (
			);
			dependencies = (
			);
			name = Machismo;
			productName = Machismo;
			productReference = CCD9F2241BF1BDF200B806E9 /* Machismo.app */;
			productType = "com.apple.product-type.application";
		};
		CCD9F23C1BF1BDF300B806E9 /* MachismoTests */ = {
			isa = PBXNativeTarget;
			buildConfigurationList = CCD9F24A1BF1BDF300B806E9 /* Build configuration list for PBXNativeTarget "MachismoTests" */;
			buildPhases = (
				CCD9F2391BF1BDF300B806E9 /* Sources */,
				CCD9F23A1BF1BDF300B806E9 /* Frameworks */,
				CCD9F23B1BF1BDF300B806E9 /* Resources */,
			);
			buildRules = (
			);
			dependencies = (
				CCD9F23F1BF1BDF300B806E9 /* PBXTargetDependency */,
			);
			name = MachismoTests;
			productName = MachismoTests;
			productReference = CCD9F23D1BF1BDF300B806E9 /* MachismoTests.xctest */;
			productType = "com.apple.product-type.bundle.unit-test";
		};
/* End PBXNativeTarget section */

/* Begin PBXProject section */
		CCD9F21C1BF1BDF200B806E9 /* Project object */ = {
			isa = PBXProject;
			attributes = {
				LastUpgradeCheck = 0630;
				ORGANIZATIONNAME = qingyun;
				TargetAttributes = {
					CCD9F2231BF1BDF200B806E9 = {
						CreatedOnToolsVersion = 6.3;
					};
					CCD9F23C1BF1BDF300B806E9 = {
						CreatedOnToolsVersion = 6.3;
						TestTargetID = CCD9F2231BF1BDF200B806E9;
					};
				};
			};
			buildConfigurationList = CCD9F21F1BF1BDF200B806E9 /* Build configuration list for PBXProject "Machismo" */;
			compatibilityVersion = "Xcode 3.2";
			developmentRegion = English;
			hasScannedForEncodings = 0;
			knownRegions = (
				en,
				Base,
			);
			mainGroup = CCD9F21B1BF1BDF200B806E9;
			productRefGroup = CCD9F2251BF1BDF200B806E9 /* Products */;
			projectDirPath = "";
			projectRoot = "";
			targets = (
				CCD9F2231BF1BDF200B806E9 /* Machismo */,
				CCD9F23C1BF1BDF300B806E9 /* MachismoTests */,
			);
		};
/* End PBXProject section */

/* Begin PBXResourcesBuildPhase section */
		CCD9F2221BF1BDF200B806E9 /* Resources */ = {
			isa = PBXResourcesBuildPhase;
			buildActionMask = 2147483647;
			files = (
				CCD9F2331BF1BDF200B806E9 /* Main.storyboard in Resources */,
				CCD9F2381BF1BDF300B806E9 /* LaunchScreen.xib in Resources */,
				CCD9F2351BF1BDF300B806E9 /* Images.xcassets in Resources */,
				CCE3D4751BF2E32C00D4AD05 /* cardFront.png in Resources */,
				CCE3D4761BF2E32C00D4AD05 /* cardBack.png in Resources */,
			);
			runOnlyForDeploymentPostprocessing = 0;
		};
		CCD9F23B1BF1BDF300B806E9 /* Resources */ = {
			isa = PBXResourcesBuildPhase;
			buildActionMask = 2147483647;
			files = (
			);
			runOnlyForDeploymentPostprocessing = 0;
		};
/* End PBXResourcesBuildPhase section */

/* Begin PBXSourcesBuildPhase section */
		CCD9F2201BF1BDF200B806E9 /* Sources */ = {
			isa = PBXSourcesBuildPhase;
			buildActionMask = 2147483647;
			files = (
				CCE3D4821BF2EC6B00D4AD05 /* PlayingCard.m in Sources */,
				CCE3D47F1BF2E82100D4AD05 /* Deck.m in Sources */,
				CCD9F2301BF1BDF200B806E9 /* ViewController.m in Sources */,
				CCE3D4881BF2F8A000D4AD05 /* Card.m in Sources */,
				CCE3D48B1BF31EEF00D4AD05 /* CardMatchingGame.m in Sources */,
				CCD9F22D1BF1BDF200B806E9 /* AppDelegate.m in Sources */,
				CCE3D4851BF2F24F00D4AD05 /* PlayingCardDeck.m in Sources */,
				CCD9F22A1BF1BDF200B806E9 /* main.m in Sources */,
			);
			runOnlyForDeploymentPostprocessing = 0;
		};
		CCD9F2391BF1BDF300B806E9 /* Sources */ = {
			isa = PBXSourcesBuildPhase;
			buildActionMask = 2147483647;
			files = (
				CCD9F2441BF1BDF300B806E9 /* MachismoTests.m in Sources */,
			);
			runOnlyForDeploymentPostprocessing = 0;
		};
/* End PBXSourcesBuildPhase section */

/* Begin PBXTargetDependency section */
		CCD9F23F1BF1BDF300B806E9 /* PBXTargetDependency */ = {
			isa = PBXTargetDependency;
			target = CCD9F2231BF1BDF200B806E9 /* Machismo */;
			targetProxy = CCD9F23E1BF1BDF300B806E9 /* PBXContainerItemProxy */;
		};
/* End PBXTargetDependency section */

/* Begin PBXVariantGroup section */
		CCD9F2311BF1BDF200B806E9 /* Main.storyboard */ = {
			isa = PBXVariantGroup;
			children = (
				CCD9F2321BF1BDF200B806E9 /* Base */,
			);
			name = Main.storyboard;
			sourceTree = "<group>";
		};
		CCD9F2361BF1BDF300B806E9 /* LaunchScreen.xib */ = {
			isa = PBXVariantGroup;
			children = (
				CCD9F2371BF1BDF300B806E9 /* Base */,
			);
			name = LaunchScreen.xib;
			sourceTree = "<group>";
		};
/* End PBXVariantGroup section */

/* Begin XCBuildConfiguration section */
		CCD9F2451BF1BDF300B806E9 /* Debug */ = {
			isa = XCBuildConfiguration;
			buildSettings = {
				ALWAYS_SEARCH_USER_PATHS = NO;
				CLANG_CXX_LANGUAGE_STANDARD = "gnu++0x";
				CLANG_CXX_LIBRARY = "libc++";
				CLANG_ENABLE_MODULES = YES;
				CLANG_ENABLE_OBJC_ARC = YES;
				CLANG_WARN_BOOL_CONVERSION = YES;
				CLANG_WARN_CONSTANT_CONVERSION = YES;
				CLANG_WARN_DIRECT_OBJC_ISA_USAGE = YES_ERROR;
				CLANG_WARN_EMPTY_BODY = YES;
				CLANG_WARN_ENUM_CONVERSION = YES;
				CLANG_WARN_INT_CONVERSION = YES;
				CLANG_WARN_OBJC_ROOT_CLASS = YES_ERROR;
				CLANG_WARN_UNREACHABLE_CODE = YES;
				CLANG_WARN__DUPLICATE_METHOD_MATCH = YES;
				"CODE_SIGN_IDENTITY[sdk=iphoneos*]" = "iPhone Developer";
				COPY_PHASE_STRIP = NO;
				DEBUG_INFORMATION_FORMAT = "dwarf-with-dsym";
				ENABLE_STRICT_OBJC_MSGSEND = YES;
				GCC_C_LANGUAGE_STANDARD = gnu99;
				GCC_DYNAMIC_NO_PIC = NO;
				GCC_NO_COMMON_BLOCKS = YES;
				GCC_OPTIMIZATION_LEVEL = 0;
				GCC_PREPROCESSOR_DEFINITIONS = (
					"DEBUG=1",
					"$(inherited)",
				);
				GCC_SYMBOLS_PRIVATE_EXTERN = NO;
				GCC_WARN_64_TO_32_BIT_CONVERSION = YES;
				GCC_WARN_ABOUT_RETURN_TYPE = YES_ERROR;
				GCC_WARN_UNDECLARED_SELECTOR = YES;
				GCC_WARN_UNINITIALIZED_AUTOS = YES_AGGRESSIVE;
				GCC_WARN_UNUSED_FUNCTION = YES;
				GCC_WARN_UNUSED_VARIABLE = YES;
				IPHONEOS_DEPLOYMENT_TARGET = 8.3;
				MTL_ENABLE_DEBUG_INFO = YES;
				ONLY_ACTIVE_ARCH = YES;
				SDKROOT = iphoneos;
			};
			name = Debug;
		};
		CCD9F2461BF1BDF300B806E9 /* Release */ = {
			isa = XCBuildConfiguration;
			buildSettings = {
				ALWAYS_SEARCH_USER_PATHS = NO;
				CLANG_CXX_LANGUAGE_STANDARD = "gnu++0x";
				CLANG_CXX_LIBRARY = "libc++";
				CLANG_ENABLE_MODULES = YES;
				CLANG_ENABLE_OBJC_ARC = YES;
				CLANG_WARN_BOOL_CONVERSION = YES;
				CLANG_WARN_CONSTANT_CONVERSION = YES;
				CLANG_WARN_DIRECT_OBJC_ISA_USAGE = YES_ERROR;
				CLANG_WARN_EMPTY_BODY = YES;
				CLANG_WARN_ENUM_CONVERSION = YES;
				CLANG_WARN_INT_CONVERSION = YES;
				CLANG_WARN_OBJC_ROOT_CLASS = YES_ERROR;
				CLANG_WARN_UNREACHABLE_CODE = YES;
				CLANG_WARN__DUPLICATE_METHOD_MATCH = YES;
				"CODE_SIGN_IDENTITY[sdk=iphoneos*]" = "iPhone Developer";
				COPY_PHASE_STRIP = NO;
				DEBUG_INFORMATION_FORMAT = "dwarf-with-dsym";
				ENABLE_NS_ASSERTIONS = NO;
				ENABLE_STRICT_OBJC_MSGSEND = YES;
				GCC_C_LANGUAGE_STANDARD = gnu99;
				GCC_NO_COMMON_BLOCKS = YES;
				GCC_WARN_64_TO_32_BIT_CONVERSION = YES;
				GCC_WARN_ABOUT_RETURN_TYPE = YES_ERROR;
				GCC_WARN_UNDECLARED_SELECTOR = YES;
				GCC_WARN_UNINITIALIZED_AUTOS = YES_AGGRESSIVE;
				GCC_WARN_UNUSED_FUNCTION = YES;
				GCC_WARN_UNUSED_VARIABLE = YES;
				IPHONEOS_DEPLOYMENT_TARGET = 8.3;
				MTL_ENABLE_DEBUG_INFO = NO;
				SDKROOT = iphoneos;
				VALIDATE_PRODUCT = YES;
			};
			name = Release;
		};
		CCD9F2481BF1BDF300B806E9 /* Debug */ = {
			isa = XCBuildConfiguration;
			buildSettings = {
				ASSETCATALOG_COMPILER_APPICON_NAME = AppIcon;
				INFOPLIST_FILE = Machismo/Info.plist;
				LD_RUNPATH_SEARCH_PATHS = "$(inherited) @executable_path/Frameworks";
				PRODUCT_NAME = "$(TARGET_NAME)";
			};
			name = Debug;
		};
		CCD9F2491BF1BDF300B806E9 /* Release */ = {
			isa = XCBuildConfiguration;
			buildSettings = {
				ASSETCATALOG_COMPILER_APPICON_NAME = AppIcon;
				INFOPLIST_FILE = Machismo/Info.plist;
				LD_RUNPATH_SEARCH_PATHS = "$(inherited) @executable_path/Frameworks";
				PRODUCT_NAME = "$(TARGET_NAME)";
			};
			name = Release;
		};
		CCD9F24B1BF1BDF300B806E9 /* Debug */ = {
			isa = XCBuildConfiguration;
			buildSettings = {
				BUNDLE_LOADER = "$(TEST_HOST)";
				FRAMEWORK_SEARCH_PATHS = (
					"$(SDKROOT)/Developer/Library/Frameworks",
					"$(inherited)",
				);
				GCC_PREPROCESSOR_DEFINITIONS = (
					"DEBUG=1",
					"$(inherited)",
				);
				INFOPLIST_FILE = MachismoTests/Info.plist;
				LD_RUNPATH_SEARCH_PATHS = "$(inherited) @executable_path/Frameworks @loader_path/Frameworks";
				PRODUCT_NAME = "$(TARGET_NAME)";
				TEST_HOST = "$(BUILT_PRODUCTS_DIR)/Machismo.app/Machismo";
			};
			name = Debug;
		};
		CCD9F24C1BF1BDF300B806E9 /* Release */ = {
			isa = XCBuildConfiguration;
			buildSettings = {
				BUNDLE_LOADER = "$(TEST_HOST)";
				FRAMEWORK_SEARCH_PATHS = (
					"$(SDKROOT)/Developer/Library/Frameworks",
					"$(inherited)",
				);
				INFOPLIST_FILE = MachismoTests/Info.plist;
				LD_RUNPATH_SEARCH_PATHS = "$(inherited) @executable_path/Frameworks @loader_path/Frameworks";
				PRODUCT_NAME = "$(TARGET_NAME)";
				TEST_HOST = "$(BUILT_PRODUCTS_DIR)/Machismo.app/Machismo";
			};
			name = Release;
		};
/* End XCBuildConfiguration section */

/* Begin XCConfigurationList section */
		CCD9F21F1BF1BDF200B806E9 /* Build configuration list for PBXProject "Machismo" */ = {
			isa = XCConfigurationList;
			buildConfigurations = (
				CCD9F2451BF1BDF300B806E9 /* Debug */,
				CCD9F2461BF1BDF300B806E9 /* Release */,
			);
			defaultConfigurationIsVisible = 0;
			defaultConfigurationName = Release;
		};
		CCD9F2471BF1BDF300B806E9 /* Build configuration list for PBXNativeTarget "Machismo" */ = {
			isa = XCConfigurationList;
			buildConfigurations = (
				CCD9F2481BF1BDF300B806E9 /* Debug */,
				CCD9F2491BF1BDF300B806E9 /* Release */,
			);
			defaultConfigurationIsVisible = 0;
			defaultConfigurationName = Release;
		};
		CCD9F24A1BF1BDF300B806E9 /* Build configuration list for PBXNativeTarget "MachismoTests" */ = {
			isa = XCConfigurationList;
			buildConfigurations = (
				CCD9F24B1BF1BDF300B806E9 /* Debug */,
				CCD9F24C1BF1BDF300B806E9 /* Release */,
			);
			defaultConfigurationIsVisible = 0;
			defaultConfigurationName = Release;
		};
/* End XCConfigurationList section */
	};
	rootObject = CCD9F21C1BF1BDF200B806E9 /* Project object */;
}
